
Microsoft Visual Studio Solution File, Format Version 12.00
# Visual Studio Version 17
VisualStudioVersion = 17.8.34309.116
MinimumVisualStudioVersion = 10.0.40219.1
Project("{FAE04EC0-301F-11D3-BF4B-00C04F79EFBC}") = "CyberArk.Extensions.KubernetesServiceAccount", "CyberArk.Extensions.KubernetesServiceAccount.csproj", "{8D74F9E7-2288-43BA-8F77-60A67DD9A41E}"
EndProject
Global
	GlobalSection(SolutionConfigurationPlatforms) = preSolution
		Debug|Any CPU = Debug|Any CPU
		Release|Any CPU = Release|Any CPU
	EndGlobalSection
	GlobalSection(ProjectConfigurationPlatforms) = postSolution
		{8D74F9E7-2288-43BA-8F77-60A67DD9A41E}.Debug|Any CPU.ActiveCfg = Debug|Any CPU
		{8D74F9E7-2288-43BA-8F77-60A67DD9A41E}.Debug|Any CPU.Build.0 = Debug|Any CPU
		{8D74F9E7-2288-43BA-8F77-60A67DD9A41E}.Release|Any CPU.ActiveCfg = Release|Any CPU
		{8D74F9E7-2288-43BA-8F77-60A67DD9A41E}.Release|Any CPU.Build.0 = Release|Any CPU
	EndGlobalSection
	GlobalSection(SolutionProperties) = preSolution
		HideSolutionNode = FALSE
	EndGlobalSection
	GlobalSection(ExtensibilityGlobals) = postSolution
		SolutionGuid = {0FF74A9B-E262-4E5E-9AC5-B9A59C00AD50}
	EndGlobalSection
EndGlobal
